aquasec/trivy:0.69.3 aquasec/trivy@sha256:bcc376de8d77cfe086a917230e818dc9f8528e3c852f7b1aff648949b6258d1c sha256:bcc376de8d77cfe086a917230e818dc9f8528e3c852f7b1aff648949b6258d1c
cr.kagent.dev/kagent-dev/kagent/app:0.9.12 cr.kagent.dev/kagent-dev/kagent/app@sha256:5ee30b4584e8de3266eb3cc11f5c46e8627716339d04d14166c50bda5f0f4182 sha256:5ee30b4584e8de3266eb3cc11f5c46e8627716339d04d14166c50bda5f0f4182
cr.kagent.dev/kagent-dev/kagent/controller:0.9.12 cr.kagent.dev/kagent-dev/kagent/controller@sha256:d1ea7b70bb8d97de9f0774d44b598971c944b3ab4e88294b0bb78e59d1a63c15 sha256:d1ea7b70bb8d97de9f0774d44b598971c944b3ab4e88294b0bb78e59d1a63c15
cr.kagent.dev/kagent-dev/kagent/ui:0.9.12 cr.kagent.dev/kagent-dev/kagent/ui@sha256:1d5ada8d7f65a6b9ad28232463f9fd670c4c20875baa1c8008aaa1f1f988382e sha256:1d5ada8d7f65a6b9ad28232463f9fd670c4c20875baa1c8008aaa1f1f988382e
docker.io/chrislusf/seaweedfs:4.40 chrislusf/seaweedfs@sha256:52194fba4fecd0083c842158b3a902ba6e04a63619b2b0efcd08007bdb6a4602 sha256:52194fba4fecd0083c842158b3a902ba6e04a63619b2b0efcd08007bdb6a4602
docker.io/curlimages/curl:8.21.0 curlimages/curl@sha256:7c12af72ceb38b7432ab85e1a265cff6ae58e06f95539d539b654f2cfa64bb13 sha256:7c12af72ceb38b7432ab85e1a265cff6ae58e06f95539d539b654f2cfa64bb13
docker.io/prefecthq/prefect:3.7.8-python3.12 prefecthq/prefect@sha256:a1a789339d6176bf4ba37e0e7658ad8a4b021e14a63912f00afcd3e8e75d1863 sha256:a1a789339d6176bf4ba37e0e7658ad8a4b021e14a63912f00afcd3e8e75d1863
ghcr.io/kagent-dev/kagent/tools:0.2.1 ghcr.io/kagent-dev/kagent/tools@sha256:50b431281d3e32666f27a292962fd486aabaac157083a844d037c12137e353aa sha256:50b431281d3e32666f27a292962fd486aabaac157083a844d037c12137e353aa
ghcr.io/kagent-dev/kmcp/controller:0.3.0 127.0.0.1:5001/ghcr.io/kagent-dev/kmcp/controller@sha256:86ab878da25a639358aad18933c6b99e06a7ac34a801dc17fd657db0f28cee28 sha256:86ab878da25a639358aad18933c6b99e06a7ac34a801dc17fd657db0f28cee28
ghcr.io/mlflow/mlflow:v3.14.0 ghcr.io/mlflow/mlflow@sha256:967de3ca34b6a5751718e380a0a383eb0ce1a6f5b484f363bd0da7559117a5f8 sha256:967de3ca34b6a5751718e380a0a383eb0ce1a6f5b484f363bd0da7559117a5f8
nginx:alpine nginx@sha256:df221db836e1754089190208cee7eeda94f233197056426eda74a43ab1abeac2 sha256:df221db836e1754089190208cee7eeda94f233197056426eda74a43ab1abeac2
postgres:18.3-alpine postgres@sha256:54451ecb8ab38c24c3ec123f2fd501303a3a1856a5c66e98cecf2460d5e1e9d7 sha256:54451ecb8ab38c24c3ec123f2fd501303a3a1856a5c66e98cecf2460d5e1e9d7
